<?xml version="1.0" encoding="utf-8"?>
<Project ToolsVersion="4.0" xmlns="http://schemas.microsoft.com/developer/msbuild/2003">
  <ItemGroup>
    <Filter Include="source">
      <UniqueIdentifier>{6bdcbc4c-ac26-4b44-a3cc-27dc515cdfb3}</UniqueIdentifier>
    </Filter>
  </ItemGroup>
  <ItemGroup>
    <ClCompile Include="SpreadsheetCell.cpp">
      <Filter>source</Filter>
    </ClCompile>
    <ClCompile Include="SpreadsheetCellAssignCopy.cpp">
      <Filter>source</Filter>
    </ClCompile>
    <ClCompile Include="SpreadsheetCellTest.cpp">
      <Filter>source</Filter>
    </ClCompile>
  </ItemGroup>
  <ItemGroup>
    <ClInclude Include="SpreadsheetCell.h">
      <Filter>source</Filter>
    </ClInclude>
  </ItemGroup>
  <ItemGroup>
    <Text Include="README.txt" />
  </ItemGroup>
</Project>