
Microsoft Visual Studio Solution File, Format Version 12.00
# Visual Studio 15
VisualStudioVersion = 15.0.28307.421
MinimumVisualStudioVersion = 10.0.40219.1
Project("{8BC9CEB8-8B4A-11D0-8D11-00A0C91BC942}") = "01_00_pipe_server", "01_00_pipe_server\01_00_pipe_server.vcxproj", "{BEB16E8E-1CBD-40AA-93C4-D2F13CFE1244}"
EndProject
Project("{8BC9CEB8-8B4A-11D0-8D11-00A0C91BC942}") = "01_01_pipe_client", "01_01_pipe_client\01_01_pipe_client.vcxproj", "{08EC9470-D6C6-4B6E-8039-5B520B7A7EE3}"
EndProject
Project("{8BC9CEB8-8B4A-11D0-8D11-00A0C91BC942}") = "02_00_unnamed_pipe", "02_00_unnamed_pipe\02_00_unnamed_pipe.vcxproj", "{FD955003-F991-457E-8C87-998B1A2E762B}"
EndProject
Global
	GlobalSection(SolutionConfigurationPlatforms) = preSolution
		Debug|x64 = Debug|x64
		Debug|x86 = Debug|x86
		Release|x64 = Release|x64
		Release|x86 = Release|x86
	EndGlobalSection
	GlobalSection(ProjectConfigurationPlatforms) = postSolution
		{BEB16E8E-1CBD-40AA-93C4-D2F13CFE1244}.Debug|x64.ActiveCfg = Debug|x64
		{BEB16E8E-1CBD-40AA-93C4-D2F13CFE1244}.Debug|x64.Build.0 = Debug|x64
		{BEB16E8E-1CBD-40AA-93C4-D2F13CFE1244}.Debug|x86.ActiveCfg = Debug|x64
		{BEB16E8E-1CBD-40AA-93C4-D2F13CFE1244}.Release|x64.ActiveCfg = Release|x64
		{BEB16E8E-1CBD-40AA-93C4-D2F13CFE1244}.Release|x64.Build.0 = Release|x64
		{BEB16E8E-1CBD-40AA-93C4-D2F13CFE1244}.Release|x86.ActiveCfg = Release|x64
		{08EC9470-D6C6-4B6E-8039-5B520B7A7EE3}.Debug|x64.ActiveCfg = Debug|x64
		{08EC9470-D6C6-4B6E-8039-5B520B7A7EE3}.Debug|x64.Build.0 = Debug|x64
		{08EC9470-D6C6-4B6E-8039-5B520B7A7EE3}.Debug|x86.ActiveCfg = Debug|Win32
		{08EC9470-D6C6-4B6E-8039-5B520B7A7EE3}.Debug|x86.Build.0 = Debug|Win32
		{08EC9470-D6C6-4B6E-8039-5B520B7A7EE3}.Release|x64.ActiveCfg = Release|x64
		{08EC9470-D6C6-4B6E-8039-5B520B7A7EE3}.Release|x64.Build.0 = Release|x64
		{08EC9470-D6C6-4B6E-8039-5B520B7A7EE3}.Release|x86.ActiveCfg = Release|Win32
		{08EC9470-D6C6-4B6E-8039-5B520B7A7EE3}.Release|x86.Build.0 = Release|Win32
		{FD955003-F991-457E-8C87-998B1A2E762B}.Debug|x64.ActiveCfg = Debug|x64
		{FD955003-F991-457E-8C87-998B1A2E762B}.Debug|x64.Build.0 = Debug|x64
		{FD955003-F991-457E-8C87-998B1A2E762B}.Debug|x86.ActiveCfg = Debug|Win32
		{FD955003-F991-457E-8C87-998B1A2E762B}.Debug|x86.Build.0 = Debug|Win32
		{FD955003-F991-457E-8C87-998B1A2E762B}.Release|x64.ActiveCfg = Release|x64
		{FD955003-F991-457E-8C87-998B1A2E762B}.Release|x64.Build.0 = Release|x64
		{FD955003-F991-457E-8C87-998B1A2E762B}.Release|x86.ActiveCfg = Release|Win32
		{FD955003-F991-457E-8C87-998B1A2E762B}.Release|x86.Build.0 = Release|Win32
	EndGlobalSection
	GlobalSection(SolutionProperties) = preSolution
		HideSolutionNode = FALSE
	EndGlobalSection
	GlobalSection(ExtensibilityGlobals) = postSolution
		SolutionGuid = {27861459-9C52-4072-9DEC-76C0EDE05C1B}
	EndGlobalSection
EndGlobal
