
Microsoft Visual Studio Solution File, Format Version 12.00
# Visual Studio 15
VisualStudioVersion = 15.0.28307.572
MinimumVisualStudioVersion = 10.0.40219.1
Project("{8BC9CEB8-8B4A-11D0-8D11-00A0C91BC942}") = "01_HelloWorld", "c01_code\01_HelloWorld\01_HelloWorld.vcxproj", "{807776A6-76D7-4CC0-AEAD-13D3EF5FC458}"
EndProject
Project("{8BC9CEB8-8B4A-11D0-8D11-00A0C91BC942}") = "02_Namespaces", "c01_code\02_Namespaces\02_Namespaces.vcxproj", "{0CF99BD2-5F2B-416D-8689-1B0456F1CB05}"
EndProject
Project("{8BC9CEB8-8B4A-11D0-8D11-00A0C91BC942}") = "03_HelloVariables", "c01_code\03_HelloVariables\03_HelloVariables.vcxproj", "{6C591637-BB06-4134-AE69-FD1D309F101E}"
EndProject
Project("{2150E333-8FDC-42A3-9474-1A3956D46DE8}") = "c01_code", "c01_code", "{8AB5A728-3573-424D-AA19-DE5E5F6FE406}"
EndProject
Project("{8BC9CEB8-8B4A-11D0-8D11-00A0C91BC942}") = "04_TypeTest", "c01_code\04_TypeTest\04_TypeTest.vcxproj", "{68460DD3-ABD0-491D-8EA4-CE12F8197CC8}"
EndProject
Project("{8BC9CEB8-8B4A-11D0-8D11-00A0C91BC942}") = "05_StronglyTypedEnums", "c01_code\05_StronglyTypedEnums\05_StronglyTypedEnums.vcxproj", "{20BD73BB-02C8-4EE7-9D77-DBF50BCCD7F6}"
EndProject
Project("{8BC9CEB8-8B4A-11D0-8D11-00A0C91BC942}") = "06_StructTest", "c01_code\06_StructTest\06_StructTest.vcxproj", "{78CA548A-6E61-47BB-A10B-8997A468CB6B}"
EndProject
Global
	GlobalSection(SolutionConfigurationPlatforms) = preSolution
		Debug|x64 = Debug|x64
		Debug|x86 = Debug|x86
		Release|x64 = Release|x64
		Release|x86 = Release|x86
	EndGlobalSection
	GlobalSection(ProjectConfigurationPlatforms) = postSolution
		{807776A6-76D7-4CC0-AEAD-13D3EF5FC458}.Debug|x64.ActiveCfg = Debug|x64
		{807776A6-76D7-4CC0-AEAD-13D3EF5FC458}.Debug|x64.Build.0 = Debug|x64
		{807776A6-76D7-4CC0-AEAD-13D3EF5FC458}.Debug|x86.ActiveCfg = Debug|x64
		{807776A6-76D7-4CC0-AEAD-13D3EF5FC458}.Release|x64.ActiveCfg = Release|x64
		{807776A6-76D7-4CC0-AEAD-13D3EF5FC458}.Release|x64.Build.0 = Release|x64
		{807776A6-76D7-4CC0-AEAD-13D3EF5FC458}.Release|x86.ActiveCfg = Release|x64
		{0CF99BD2-5F2B-416D-8689-1B0456F1CB05}.Debug|x64.ActiveCfg = Debug|x64
		{0CF99BD2-5F2B-416D-8689-1B0456F1CB05}.Debug|x64.Build.0 = Debug|x64
		{0CF99BD2-5F2B-416D-8689-1B0456F1CB05}.Debug|x86.ActiveCfg = Debug|Win32
		{0CF99BD2-5F2B-416D-8689-1B0456F1CB05}.Debug|x86.Build.0 = Debug|Win32
		{0CF99BD2-5F2B-416D-8689-1B0456F1CB05}.Release|x64.ActiveCfg = Release|x64
		{0CF99BD2-5F2B-416D-8689-1B0456F1CB05}.Release|x64.Build.0 = Release|x64
		{0CF99BD2-5F2B-416D-8689-1B0456F1CB05}.Release|x86.ActiveCfg = Release|Win32
		{0CF99BD2-5F2B-416D-8689-1B0456F1CB05}.Release|x86.Build.0 = Release|Win32
		{6C591637-BB06-4134-AE69-FD1D309F101E}.Debug|x64.ActiveCfg = Debug|x64
		{6C591637-BB06-4134-AE69-FD1D309F101E}.Debug|x64.Build.0 = Debug|x64
		{6C591637-BB06-4134-AE69-FD1D309F101E}.Debug|x86.ActiveCfg = Debug|Win32
		{6C591637-BB06-4134-AE69-FD1D309F101E}.Debug|x86.Build.0 = Debug|Win32
		{6C591637-BB06-4134-AE69-FD1D309F101E}.Release|x64.ActiveCfg = Release|x64
		{6C591637-BB06-4134-AE69-FD1D309F101E}.Release|x64.Build.0 = Release|x64
		{6C591637-BB06-4134-AE69-FD1D309F101E}.Release|x86.ActiveCfg = Release|Win32
		{6C591637-BB06-4134-AE69-FD1D309F101E}.Release|x86.Build.0 = Release|Win32
		{68460DD3-ABD0-491D-8EA4-CE12F8197CC8}.Debug|x64.ActiveCfg = Debug|x64
		{68460DD3-ABD0-491D-8EA4-CE12F8197CC8}.Debug|x64.Build.0 = Debug|x64
		{68460DD3-ABD0-491D-8EA4-CE12F8197CC8}.Debug|x86.ActiveCfg = Debug|Win32
		{68460DD3-ABD0-491D-8EA4-CE12F8197CC8}.Debug|x86.Build.0 = Debug|Win32
		{68460DD3-ABD0-491D-8EA4-CE12F8197CC8}.Release|x64.ActiveCfg = Release|x64
		{68460DD3-ABD0-491D-8EA4-CE12F8197CC8}.Release|x64.Build.0 = Release|x64
		{68460DD3-ABD0-491D-8EA4-CE12F8197CC8}.Release|x86.ActiveCfg = Release|Win32
		{68460DD3-ABD0-491D-8EA4-CE12F8197CC8}.Release|x86.Build.0 = Release|Win32
		{20BD73BB-02C8-4EE7-9D77-DBF50BCCD7F6}.Debug|x64.ActiveCfg = Debug|x64
		{20BD73BB-02C8-4EE7-9D77-DBF50BCCD7F6}.Debug|x64.Build.0 = Debug|x64
		{20BD73BB-02C8-4EE7-9D77-DBF50BCCD7F6}.Debug|x86.ActiveCfg = Debug|Win32
		{20BD73BB-02C8-4EE7-9D77-DBF50BCCD7F6}.Debug|x86.Build.0 = Debug|Win32
		{20BD73BB-02C8-4EE7-9D77-DBF50BCCD7F6}.Release|x64.ActiveCfg = Release|x64
		{20BD73BB-02C8-4EE7-9D77-DBF50BCCD7F6}.Release|x64.Build.0 = Release|x64
		{20BD73BB-02C8-4EE7-9D77-DBF50BCCD7F6}.Release|x86.ActiveCfg = Release|Win32
		{20BD73BB-02C8-4EE7-9D77-DBF50BCCD7F6}.Release|x86.Build.0 = Release|Win32
		{78CA548A-6E61-47BB-A10B-8997A468CB6B}.Debug|x64.ActiveCfg = Debug|x64
		{78CA548A-6E61-47BB-A10B-8997A468CB6B}.Debug|x64.Build.0 = Debug|x64
		{78CA548A-6E61-47BB-A10B-8997A468CB6B}.Debug|x86.ActiveCfg = Debug|Win32
		{78CA548A-6E61-47BB-A10B-8997A468CB6B}.Debug|x86.Build.0 = Debug|Win32
		{78CA548A-6E61-47BB-A10B-8997A468CB6B}.Release|x64.ActiveCfg = Release|x64
		{78CA548A-6E61-47BB-A10B-8997A468CB6B}.Release|x64.Build.0 = Release|x64
		{78CA548A-6E61-47BB-A10B-8997A468CB6B}.Release|x86.ActiveCfg = Release|Win32
		{78CA548A-6E61-47BB-A10B-8997A468CB6B}.Release|x86.Build.0 = Release|Win32
	EndGlobalSection
	GlobalSection(SolutionProperties) = preSolution
		HideSolutionNode = FALSE
	EndGlobalSection
	GlobalSection(NestedProjects) = preSolution
		{807776A6-76D7-4CC0-AEAD-13D3EF5FC458} = {8AB5A728-3573-424D-AA19-DE5E5F6FE406}
		{0CF99BD2-5F2B-416D-8689-1B0456F1CB05} = {8AB5A728-3573-424D-AA19-DE5E5F6FE406}
		{6C591637-BB06-4134-AE69-FD1D309F101E} = {8AB5A728-3573-424D-AA19-DE5E5F6FE406}
		{68460DD3-ABD0-491D-8EA4-CE12F8197CC8} = {8AB5A728-3573-424D-AA19-DE5E5F6FE406}
		{20BD73BB-02C8-4EE7-9D77-DBF50BCCD7F6} = {8AB5A728-3573-424D-AA19-DE5E5F6FE406}
		{78CA548A-6E61-47BB-A10B-8997A468CB6B} = {8AB5A728-3573-424D-AA19-DE5E5F6FE406}
	EndGlobalSection
	GlobalSection(ExtensibilityGlobals) = postSolution
		SolutionGuid = {0E86262E-6FF9-401A-AE9C-1279B6E15B50}
	EndGlobalSection
EndGlobal
