
Microsoft Visual Studio Solution File, Format Version 12.00
# Visual Studio 15
VisualStudioVersion = 15.0.28307.572
MinimumVisualStudioVersion = 10.0.40219.1
Project("{8BC9CEB8-8B4A-11D0-8D11-00A0C91BC942}") = "01_HelloWorld", "c01_code\01_HelloWorld\01_HelloWorld.vcxproj", "{807776A6-76D7-4CC0-AEAD-13D3EF5FC458}"
EndProject
Project("{8BC9CEB8-8B4A-11D0-8D11-00A0C91BC942}") = "02_Namespaces", "c01_code\02_Namespaces\02_Namespaces.vcxproj", "{0CF99BD2-5F2B-416D-8689-1B0456F1CB05}"
EndProject
Project("{8BC9CEB8-8B4A-11D0-8D11-00A0C91BC942}") = "03_HelloVariables", "c01_code\03_HelloVariables\03_HelloVariables.vcxproj", "{6C591637-BB06-4134-AE69-FD1D309F101E}"
EndProject
Project("{2150E333-8FDC-42A3-9474-1A3956D46DE8}") = "c01_code", "c01_code", "{8AB5A728-3573-424D-AA19-DE5E5F6FE406}"
EndProject
Project("{8BC9CEB8-8B4A-11D0-8D11-00A0C91BC942}") = "04_TypeTest", "c01_code\04_TypeTest\04_TypeTest.vcxproj", "{68460DD3-ABD0-491D-8EA4-CE12F8197CC8}"
EndProject
Project("{8BC9CEB8-8B4A-11D0-8D11-00A0C91BC942}") = "05_StronglyTypedEnums", "c01_code\05_StronglyTypedEnums\05_StronglyTypedEnums.vcxproj", "{20BD73BB-02C8-4EE7-9D77-DBF50BCCD7F6}"
EndProject
Project("{8BC9CEB8-8B4A-11D0-8D11-00A0C91BC942}") = "06_StructTest", "c01_code\06_StructTest\06_StructTest.vcxproj", "{78CA548A-6E61-47BB-A10B-8997A468CB6B}"
EndProject
Project("{8BC9CEB8-8B4A-11D0-8D11-00A0C91BC942}") = "07_std_array", "c01_code\07_std_array\07_std_array.vcxproj", "{64407E74-1E7F-46E5-A305-E28773E7069E}"
EndProject
Project("{8BC9CEB8-8B4A-11D0-8D11-00A0C91BC942}") = "08_std_vector", "c01_code\08_std_vector\08_std_vector.vcxproj", "{B628EF72-EFDD-4FB3-8D4A-2480F5B4C28E}"
EndProject
Project("{8BC9CEB8-8B4A-11D0-8D11-00A0C91BC942}") = "09_InitializerLists", "c01_code\09_InitializerLists\09_InitializerLists.vcxproj", "{4AA9B418-DE86-437A-A592-9E3981A98C57}"
EndProject
Project("{8BC9CEB8-8B4A-11D0-8D11-00A0C91BC942}") = "10_StringTest", "c01_code\10_StringTest\10_StringTest.vcxproj", "{0DEC9AA5-CCE3-4908-AE0F-2F920F4C902B}"
EndProject
Project("{8BC9CEB8-8B4A-11D0-8D11-00A0C91BC942}") = "11_NullPointerConstant", "c01_code\11_NullPointerConstant\11_NullPointerConstant.vcxproj", "{6304DB11-AD29-4C72-B21E-D9C835F225E7}"
EndProject
Project("{8BC9CEB8-8B4A-11D0-8D11-00A0C91BC942}") = "12_SmartPointers", "c01_code\12_SmartPointers\12_SmartPointers.vcxproj", "{2CE5ABD3-4590-4353-B39C-888726130D0A}"
EndProject
Project("{8BC9CEB8-8B4A-11D0-8D11-00A0C91BC942}") = "13_ConstPointerArg", "c01_code\13_ConstPointerArg\13_ConstPointerArg.vcxproj", "{11BDC813-1B92-4AD1-9ED4-C138BB02FB78}"
EndProject
Project("{8BC9CEB8-8B4A-11D0-8D11-00A0C91BC942}") = "14_ConstReferenceArg", "c01_code\14_ConstReferenceArg\14_ConstReferenceArg.vcxproj", "{CDB1F832-4928-4E39-8599-2111A77F37D6}"
EndProject
Project("{8BC9CEB8-8B4A-11D0-8D11-00A0C91BC942}") = "15_Exceptions", "c01_code\15_Exceptions\15_Exceptions.vcxproj", "{EEAF9BD0-8650-4C5B-BC46-1619205A8C10}"
EndProject
Project("{8BC9CEB8-8B4A-11D0-8D11-00A0C91BC942}") = "16_AirlineTicket", "c01_code\16_AirlineTicket\16_AirlineTicket.vcxproj", "{96700E5F-3B7F-4D0F-8402-506698017043}"
EndProject
Project("{8BC9CEB8-8B4A-11D0-8D11-00A0C91BC942}") = "17_UniformInitialization", "c01_code\17_UniformInitialization\17_UniformInitialization.vcxproj", "{21D845E4-0F41-434C-BF76-B584D77B4315}"
EndProject
Project("{8BC9CEB8-8B4A-11D0-8D11-00A0C91BC942}") = "18_EmployeeDB", "c01_code\18_EmployeeDB\18_EmployeeDB.vcxproj", "{B4A312DB-ABF0-4FCD-B729-BEC3541D8602}"
EndProject
Project("{2150E333-8FDC-42A3-9474-1A3956D46DE8}") = "c02_code", "c02_code", "{84FF8866-F351-4A0E-948F-AA722BE8778A}"
EndProject
Project("{8BC9CEB8-8B4A-11D0-8D11-00A0C91BC942}") = "01_CStrings", "c02_code\01_CStrings\01_CStrings.vcxproj", "{CCB162A3-A8BC-4F70-9F03-38D211CC59DB}"
EndProject
Project("{8BC9CEB8-8B4A-11D0-8D11-00A0C91BC942}") = "02_RawStringLiteral", "c02_code\02_RawStringLiteral\02_RawStringLiteral.vcxproj", "{AEF6ED4A-CFE7-4C73-A1A8-BDC55644A07B}"
EndProject
Project("{8BC9CEB8-8B4A-11D0-8D11-00A0C91BC942}") = "03_CppStrings", "c02_code\03_CppStrings\03_CppStrings.vcxproj", "{2F37C669-256B-447D-A3B9-B1951BCCDCB6}"
EndProject
Project("{8BC9CEB8-8B4A-11D0-8D11-00A0C91BC942}") = "04_stoi", "c02_code\04_stoi\04_stoi.vcxproj", "{B4F692F7-3F90-4239-92E5-58874FB23B45}"
EndProject
Project("{8BC9CEB8-8B4A-11D0-8D11-00A0C91BC942}") = "05_StringViews", "c02_code\05_StringViews\05_StringViews.vcxproj", "{DFC76753-1494-49FF-B807-FC98FF445C28}"
EndProject
Project("{8BC9CEB8-8B4A-11D0-8D11-00A0C91BC942}") = "19_Etc", "c01_code\19_Etc\19_Etc.vcxproj", "{0357CD6E-5428-49E1-9767-33B05D62D1FE}"
EndProject
Project("{2150E333-8FDC-42A3-9474-1A3956D46DE8}") = "c03_code", "c03_code", "{27D057E7-7E24-44E0-8DCB-90E1A9723EC4}"
	ProjectSection(SolutionItems) = preProject
		c03_code\readme.txt = c03_code\readme.txt
	EndProjectSection
EndProject
Project("{2150E333-8FDC-42A3-9474-1A3956D46DE8}") = "c04_code", "c04_code", "{875B10AB-DD99-4EF9-8ECE-D93687196C50}"
	ProjectSection(SolutionItems) = preProject
		c04_code\readme.txt = c04_code\readme.txt
	EndProjectSection
EndProject
Project("{2150E333-8FDC-42A3-9474-1A3956D46DE8}") = "c05_code", "c05_code", "{8A437A77-B323-456E-858B-A324C094A4F8}"
	ProjectSection(SolutionItems) = preProject
		c05_code\readMe.txt = c05_code\readMe.txt
	EndProjectSection
EndProject
Project("{2150E333-8FDC-42A3-9474-1A3956D46DE8}") = "c06_code", "c06_code", "{55F073BD-BC3C-44A4-A5AC-493BD4CDB709}"
	ProjectSection(SolutionItems) = preProject
		c06_code\readme.txt = c06_code\readme.txt
	EndProjectSection
EndProject
Project("{2150E333-8FDC-42A3-9474-1A3956D46DE8}") = "c07_code", "c07_code", "{2638410A-86E5-4AFC-AF35-EC86CA7E0344}"
EndProject
Project("{8BC9CEB8-8B4A-11D0-8D11-00A0C91BC942}") = "01_ArrayDelete", "c07_code\01_ArrayDelete\01_ArrayDelete.vcxproj", "{41574762-0BCF-4033-BB5C-04DEC31F77C8}"
EndProject
Project("{8BC9CEB8-8B4A-11D0-8D11-00A0C91BC942}") = "02_tictactoe", "c07_code\02_tictactoe\02_tictactoe.vcxproj", "{2A9FD4E6-4E98-43E3-BB1F-37F3E7225B9D}"
EndProject
Project("{8BC9CEB8-8B4A-11D0-8D11-00A0C91BC942}") = "03_CharacterBoard", "c07_code\03_CharacterBoard\03_CharacterBoard.vcxproj", "{7C5FF8FE-1DD9-4D0B-B42A-C2ECAB5E504D}"
EndProject
Project("{8BC9CEB8-8B4A-11D0-8D11-00A0C91BC942}") = "04_ArraysAndPointers", "c07_code\04_ArraysAndPointers\04_ArraysAndPointers.vcxproj", "{F6406B38-A621-4764-BF1E-B5704947C8B2}"
EndProject
Project("{8BC9CEB8-8B4A-11D0-8D11-00A0C91BC942}") = "05_unique_ptr", "c07_code\05_unique_ptr\05_unique_ptr.vcxproj", "{9ACBF3D5-12BC-499D-AC9B-C1BED1C2EFCD}"
EndProject
Project("{8BC9CEB8-8B4A-11D0-8D11-00A0C91BC942}") = "06_shared_ptr", "c07_code\06_shared_ptr\06_shared_ptr.vcxproj", "{EA797B0E-4A72-4437-8134-B4D3AF57690B}"
EndProject
Project("{8BC9CEB8-8B4A-11D0-8D11-00A0C91BC942}") = "07_weak_ptr", "c07_code\07_weak_ptr\07_weak_ptr.vcxproj", "{79CEC156-BA28-43F2-AAC5-ED08DFFF5B0B}"
EndProject
Project("{8BC9CEB8-8B4A-11D0-8D11-00A0C91BC942}") = "08_SmartPointersAndMoveSemantics", "c07_code\08_SmartPointersAndMoveSemantics\08_SmartPointersAndMoveSemantics.vcxproj", "{64BA989E-2F04-4FEB-82F8-E01E18D49FC2}"
EndProject
Project("{8BC9CEB8-8B4A-11D0-8D11-00A0C91BC942}") = "09_enable_shared_from_this", "c07_code\09_enable_shared_from_this\09_enable_shared_from_this.vcxproj", "{F2C4D2D7-C652-4CF0-A2F1-11A140380CEE}"
EndProject
Project("{8BC9CEB8-8B4A-11D0-8D11-00A0C91BC942}") = "10_Leaky", "c07_code\10_Leaky\10_Leaky.vcxproj", "{2BE747C6-F517-40E1-B00C-8C6687A6CCDA}"
EndProject
Global
	GlobalSection(SolutionConfigurationPlatforms) = preSolution
		Debug|x64 = Debug|x64
		Debug|x86 = Debug|x86
		Release|x64 = Release|x64
		Release|x86 = Release|x86
	EndGlobalSection
	GlobalSection(ProjectConfigurationPlatforms) = postSolution
		{807776A6-76D7-4CC0-AEAD-13D3EF5FC458}.Debug|x64.ActiveCfg = Debug|x64
		{807776A6-76D7-4CC0-AEAD-13D3EF5FC458}.Debug|x64.Build.0 = Debug|x64
		{807776A6-76D7-4CC0-AEAD-13D3EF5FC458}.Debug|x86.ActiveCfg = Debug|x64
		{807776A6-76D7-4CC0-AEAD-13D3EF5FC458}.Release|x64.ActiveCfg = Release|x64
		{807776A6-76D7-4CC0-AEAD-13D3EF5FC458}.Release|x64.Build.0 = Release|x64
		{807776A6-76D7-4CC0-AEAD-13D3EF5FC458}.Release|x86.ActiveCfg = Release|x64
		{0CF99BD2-5F2B-416D-8689-1B0456F1CB05}.Debug|x64.ActiveCfg = Debug|x64
		{0CF99BD2-5F2B-416D-8689-1B0456F1CB05}.Debug|x64.Build.0 = Debug|x64
		{0CF99BD2-5F2B-416D-8689-1B0456F1CB05}.Debug|x86.ActiveCfg = Debug|Win32
		{0CF99BD2-5F2B-416D-8689-1B0456F1CB05}.Debug|x86.Build.0 = Debug|Win32
		{0CF99BD2-5F2B-416D-8689-1B0456F1CB05}.Release|x64.ActiveCfg = Release|x64
		{0CF99BD2-5F2B-416D-8689-1B0456F1CB05}.Release|x64.Build.0 = Release|x64
		{0CF99BD2-5F2B-416D-8689-1B0456F1CB05}.Release|x86.ActiveCfg = Release|Win32
		{0CF99BD2-5F2B-416D-8689-1B0456F1CB05}.Release|x86.Build.0 = Release|Win32
		{6C591637-BB06-4134-AE69-FD1D309F101E}.Debug|x64.ActiveCfg = Debug|x64
		{6C591637-BB06-4134-AE69-FD1D309F101E}.Debug|x64.Build.0 = Debug|x64
		{6C591637-BB06-4134-AE69-FD1D309F101E}.Debug|x86.ActiveCfg = Debug|Win32
		{6C591637-BB06-4134-AE69-FD1D309F101E}.Debug|x86.Build.0 = Debug|Win32
		{6C591637-BB06-4134-AE69-FD1D309F101E}.Release|x64.ActiveCfg = Release|x64
		{6C591637-BB06-4134-AE69-FD1D309F101E}.Release|x64.Build.0 = Release|x64
		{6C591637-BB06-4134-AE69-FD1D309F101E}.Release|x86.ActiveCfg = Release|Win32
		{6C591637-BB06-4134-AE69-FD1D309F101E}.Release|x86.Build.0 = Release|Win32
		{68460DD3-ABD0-491D-8EA4-CE12F8197CC8}.Debug|x64.ActiveCfg = Debug|x64
		{68460DD3-ABD0-491D-8EA4-CE12F8197CC8}.Debug|x64.Build.0 = Debug|x64
		{68460DD3-ABD0-491D-8EA4-CE12F8197CC8}.Debug|x86.ActiveCfg = Debug|Win32
		{68460DD3-ABD0-491D-8EA4-CE12F8197CC8}.Debug|x86.Build.0 = Debug|Win32
		{68460DD3-ABD0-491D-8EA4-CE12F8197CC8}.Release|x64.ActiveCfg = Release|x64
		{68460DD3-ABD0-491D-8EA4-CE12F8197CC8}.Release|x64.Build.0 = Release|x64
		{68460DD3-ABD0-491D-8EA4-CE12F8197CC8}.Release|x86.ActiveCfg = Release|Win32
		{68460DD3-ABD0-491D-8EA4-CE12F8197CC8}.Release|x86.Build.0 = Release|Win32
		{20BD73BB-02C8-4EE7-9D77-DBF50BCCD7F6}.Debug|x64.ActiveCfg = Debug|x64
		{20BD73BB-02C8-4EE7-9D77-DBF50BCCD7F6}.Debug|x64.Build.0 = Debug|x64
		{20BD73BB-02C8-4EE7-9D77-DBF50BCCD7F6}.Debug|x86.ActiveCfg = Debug|Win32
		{20BD73BB-02C8-4EE7-9D77-DBF50BCCD7F6}.Debug|x86.Build.0 = Debug|Win32
		{20BD73BB-02C8-4EE7-9D77-DBF50BCCD7F6}.Release|x64.ActiveCfg = Release|x64
		{20BD73BB-02C8-4EE7-9D77-DBF50BCCD7F6}.Release|x64.Build.0 = Release|x64
		{20BD73BB-02C8-4EE7-9D77-DBF50BCCD7F6}.Release|x86.ActiveCfg = Release|Win32
		{20BD73BB-02C8-4EE7-9D77-DBF50BCCD7F6}.Release|x86.Build.0 = Release|Win32
		{78CA548A-6E61-47BB-A10B-8997A468CB6B}.Debug|x64.ActiveCfg = Debug|x64
		{78CA548A-6E61-47BB-A10B-8997A468CB6B}.Debug|x64.Build.0 = Debug|x64
		{78CA548A-6E61-47BB-A10B-8997A468CB6B}.Debug|x86.ActiveCfg = Debug|Win32
		{78CA548A-6E61-47BB-A10B-8997A468CB6B}.Debug|x86.Build.0 = Debug|Win32
		{78CA548A-6E61-47BB-A10B-8997A468CB6B}.Release|x64.ActiveCfg = Release|x64
		{78CA548A-6E61-47BB-A10B-8997A468CB6B}.Release|x64.Build.0 = Release|x64
		{78CA548A-6E61-47BB-A10B-8997A468CB6B}.Release|x86.ActiveCfg = Release|Win32
		{78CA548A-6E61-47BB-A10B-8997A468CB6B}.Release|x86.Build.0 = Release|Win32
		{64407E74-1E7F-46E5-A305-E28773E7069E}.Debug|x64.ActiveCfg = Debug|x64
		{64407E74-1E7F-46E5-A305-E28773E7069E}.Debug|x64.Build.0 = Debug|x64
		{64407E74-1E7F-46E5-A305-E28773E7069E}.Debug|x86.ActiveCfg = Debug|Win32
		{64407E74-1E7F-46E5-A305-E28773E7069E}.Debug|x86.Build.0 = Debug|Win32
		{64407E74-1E7F-46E5-A305-E28773E7069E}.Release|x64.ActiveCfg = Release|x64
		{64407E74-1E7F-46E5-A305-E28773E7069E}.Release|x64.Build.0 = Release|x64
		{64407E74-1E7F-46E5-A305-E28773E7069E}.Release|x86.ActiveCfg = Release|Win32
		{64407E74-1E7F-46E5-A305-E28773E7069E}.Release|x86.Build.0 = Release|Win32
		{B628EF72-EFDD-4FB3-8D4A-2480F5B4C28E}.Debug|x64.ActiveCfg = Debug|x64
		{B628EF72-EFDD-4FB3-8D4A-2480F5B4C28E}.Debug|x64.Build.0 = Debug|x64
		{B628EF72-EFDD-4FB3-8D4A-2480F5B4C28E}.Debug|x86.ActiveCfg = Debug|Win32
		{B628EF72-EFDD-4FB3-8D4A-2480F5B4C28E}.Debug|x86.Build.0 = Debug|Win32
		{B628EF72-EFDD-4FB3-8D4A-2480F5B4C28E}.Release|x64.ActiveCfg = Release|x64
		{B628EF72-EFDD-4FB3-8D4A-2480F5B4C28E}.Release|x64.Build.0 = Release|x64
		{B628EF72-EFDD-4FB3-8D4A-2480F5B4C28E}.Release|x86.ActiveCfg = Release|Win32
		{B628EF72-EFDD-4FB3-8D4A-2480F5B4C28E}.Release|x86.Build.0 = Release|Win32
		{4AA9B418-DE86-437A-A592-9E3981A98C57}.Debug|x64.ActiveCfg = Debug|x64
		{4AA9B418-DE86-437A-A592-9E3981A98C57}.Debug|x64.Build.0 = Debug|x64
		{4AA9B418-DE86-437A-A592-9E3981A98C57}.Debug|x86.ActiveCfg = Debug|Win32
		{4AA9B418-DE86-437A-A592-9E3981A98C57}.Debug|x86.Build.0 = Debug|Win32
		{4AA9B418-DE86-437A-A592-9E3981A98C57}.Release|x64.ActiveCfg = Release|x64
		{4AA9B418-DE86-437A-A592-9E3981A98C57}.Release|x64.Build.0 = Release|x64
		{4AA9B418-DE86-437A-A592-9E3981A98C57}.Release|x86.ActiveCfg = Release|Win32
		{4AA9B418-DE86-437A-A592-9E3981A98C57}.Release|x86.Build.0 = Release|Win32
		{0DEC9AA5-CCE3-4908-AE0F-2F920F4C902B}.Debug|x64.ActiveCfg = Debug|x64
		{0DEC9AA5-CCE3-4908-AE0F-2F920F4C902B}.Debug|x64.Build.0 = Debug|x64
		{0DEC9AA5-CCE3-4908-AE0F-2F920F4C902B}.Debug|x86.ActiveCfg = Debug|Win32
		{0DEC9AA5-CCE3-4908-AE0F-2F920F4C902B}.Debug|x86.Build.0 = Debug|Win32
		{0DEC9AA5-CCE3-4908-AE0F-2F920F4C902B}.Release|x64.ActiveCfg = Release|x64
		{0DEC9AA5-CCE3-4908-AE0F-2F920F4C902B}.Release|x64.Build.0 = Release|x64
		{0DEC9AA5-CCE3-4908-AE0F-2F920F4C902B}.Release|x86.ActiveCfg = Release|Win32
		{0DEC9AA5-CCE3-4908-AE0F-2F920F4C902B}.Release|x86.Build.0 = Release|Win32
		{6304DB11-AD29-4C72-B21E-D9C835F225E7}.Debug|x64.ActiveCfg = Debug|x64
		{6304DB11-AD29-4C72-B21E-D9C835F225E7}.Debug|x64.Build.0 = Debug|x64
		{6304DB11-AD29-4C72-B21E-D9C835F225E7}.Debug|x86.ActiveCfg = Debug|Win32
		{6304DB11-AD29-4C72-B21E-D9C835F225E7}.Debug|x86.Build.0 = Debug|Win32
		{6304DB11-AD29-4C72-B21E-D9C835F225E7}.Release|x64.ActiveCfg = Release|x64
		{6304DB11-AD29-4C72-B21E-D9C835F225E7}.Release|x64.Build.0 = Release|x64
		{6304DB11-AD29-4C72-B21E-D9C835F225E7}.Release|x86.ActiveCfg = Release|Win32
		{6304DB11-AD29-4C72-B21E-D9C835F225E7}.Release|x86.Build.0 = Release|Win32
		{2CE5ABD3-4590-4353-B39C-888726130D0A}.Debug|x64.ActiveCfg = Debug|x64
		{2CE5ABD3-4590-4353-B39C-888726130D0A}.Debug|x64.Build.0 = Debug|x64
		{2CE5ABD3-4590-4353-B39C-888726130D0A}.Debug|x86.ActiveCfg = Debug|Win32
		{2CE5ABD3-4590-4353-B39C-888726130D0A}.Debug|x86.Build.0 = Debug|Win32
		{2CE5ABD3-4590-4353-B39C-888726130D0A}.Release|x64.ActiveCfg = Release|x64
		{2CE5ABD3-4590-4353-B39C-888726130D0A}.Release|x64.Build.0 = Release|x64
		{2CE5ABD3-4590-4353-B39C-888726130D0A}.Release|x86.ActiveCfg = Release|Win32
		{2CE5ABD3-4590-4353-B39C-888726130D0A}.Release|x86.Build.0 = Release|Win32
		{11BDC813-1B92-4AD1-9ED4-C138BB02FB78}.Debug|x64.ActiveCfg = Debug|x64
		{11BDC813-1B92-4AD1-9ED4-C138BB02FB78}.Debug|x64.Build.0 = Debug|x64
		{11BDC813-1B92-4AD1-9ED4-C138BB02FB78}.Debug|x86.ActiveCfg = Debug|Win32
		{11BDC813-1B92-4AD1-9ED4-C138BB02FB78}.Debug|x86.Build.0 = Debug|Win32
		{11BDC813-1B92-4AD1-9ED4-C138BB02FB78}.Release|x64.ActiveCfg = Release|x64
		{11BDC813-1B92-4AD1-9ED4-C138BB02FB78}.Release|x64.Build.0 = Release|x64
		{11BDC813-1B92-4AD1-9ED4-C138BB02FB78}.Release|x86.ActiveCfg = Release|Win32
		{11BDC813-1B92-4AD1-9ED4-C138BB02FB78}.Release|x86.Build.0 = Release|Win32
		{CDB1F832-4928-4E39-8599-2111A77F37D6}.Debug|x64.ActiveCfg = Debug|x64
		{CDB1F832-4928-4E39-8599-2111A77F37D6}.Debug|x64.Build.0 = Debug|x64
		{CDB1F832-4928-4E39-8599-2111A77F37D6}.Debug|x86.ActiveCfg = Debug|Win32
		{CDB1F832-4928-4E39-8599-2111A77F37D6}.Debug|x86.Build.0 = Debug|Win32
		{CDB1F832-4928-4E39-8599-2111A77F37D6}.Release|x64.ActiveCfg = Release|x64
		{CDB1F832-4928-4E39-8599-2111A77F37D6}.Release|x64.Build.0 = Release|x64
		{CDB1F832-4928-4E39-8599-2111A77F37D6}.Release|x86.ActiveCfg = Release|Win32
		{CDB1F832-4928-4E39-8599-2111A77F37D6}.Release|x86.Build.0 = Release|Win32
		{EEAF9BD0-8650-4C5B-BC46-1619205A8C10}.Debug|x64.ActiveCfg = Debug|x64
		{EEAF9BD0-8650-4C5B-BC46-1619205A8C10}.Debug|x64.Build.0 = Debug|x64
		{EEAF9BD0-8650-4C5B-BC46-1619205A8C10}.Debug|x86.ActiveCfg = Debug|Win32
		{EEAF9BD0-8650-4C5B-BC46-1619205A8C10}.Debug|x86.Build.0 = Debug|Win32
		{EEAF9BD0-8650-4C5B-BC46-1619205A8C10}.Release|x64.ActiveCfg = Release|x64
		{EEAF9BD0-8650-4C5B-BC46-1619205A8C10}.Release|x64.Build.0 = Release|x64
		{EEAF9BD0-8650-4C5B-BC46-1619205A8C10}.Release|x86.ActiveCfg = Release|Win32
		{EEAF9BD0-8650-4C5B-BC46-1619205A8C10}.Release|x86.Build.0 = Release|Win32
		{96700E5F-3B7F-4D0F-8402-506698017043}.Debug|x64.ActiveCfg = Debug|x64
		{96700E5F-3B7F-4D0F-8402-506698017043}.Debug|x64.Build.0 = Debug|x64
		{96700E5F-3B7F-4D0F-8402-506698017043}.Debug|x86.ActiveCfg = Debug|Win32
		{96700E5F-3B7F-4D0F-8402-506698017043}.Debug|x86.Build.0 = Debug|Win32
		{96700E5F-3B7F-4D0F-8402-506698017043}.Release|x64.ActiveCfg = Release|x64
		{96700E5F-3B7F-4D0F-8402-506698017043}.Release|x64.Build.0 = Release|x64
		{96700E5F-3B7F-4D0F-8402-506698017043}.Release|x86.ActiveCfg = Release|Win32
		{96700E5F-3B7F-4D0F-8402-506698017043}.Release|x86.Build.0 = Release|Win32
		{21D845E4-0F41-434C-BF76-B584D77B4315}.Debug|x64.ActiveCfg = Debug|x64
		{21D845E4-0F41-434C-BF76-B584D77B4315}.Debug|x64.Build.0 = Debug|x64
		{21D845E4-0F41-434C-BF76-B584D77B4315}.Debug|x86.ActiveCfg = Debug|Win32
		{21D845E4-0F41-434C-BF76-B584D77B4315}.Debug|x86.Build.0 = Debug|Win32
		{21D845E4-0F41-434C-BF76-B584D77B4315}.Release|x64.ActiveCfg = Release|x64
		{21D845E4-0F41-434C-BF76-B584D77B4315}.Release|x64.Build.0 = Release|x64
		{21D845E4-0F41-434C-BF76-B584D77B4315}.Release|x86.ActiveCfg = Release|Win32
		{21D845E4-0F41-434C-BF76-B584D77B4315}.Release|x86.Build.0 = Release|Win32
		{B4A312DB-ABF0-4FCD-B729-BEC3541D8602}.Debug|x64.ActiveCfg = Debug|x64
		{B4A312DB-ABF0-4FCD-B729-BEC3541D8602}.Debug|x64.Build.0 = Debug|x64
		{B4A312DB-ABF0-4FCD-B729-BEC3541D8602}.Debug|x86.ActiveCfg = Debug|Win32
		{B4A312DB-ABF0-4FCD-B729-BEC3541D8602}.Debug|x86.Build.0 = Debug|Win32
		{B4A312DB-ABF0-4FCD-B729-BEC3541D8602}.Release|x64.ActiveCfg = Release|x64
		{B4A312DB-ABF0-4FCD-B729-BEC3541D8602}.Release|x64.Build.0 = Release|x64
		{B4A312DB-ABF0-4FCD-B729-BEC3541D8602}.Release|x86.ActiveCfg = Release|Win32
		{B4A312DB-ABF0-4FCD-B729-BEC3541D8602}.Release|x86.Build.0 = Release|Win32
		{CCB162A3-A8BC-4F70-9F03-38D211CC59DB}.Debug|x64.ActiveCfg = Debug|x64
		{CCB162A3-A8BC-4F70-9F03-38D211CC59DB}.Debug|x64.Build.0 = Debug|x64
		{CCB162A3-A8BC-4F70-9F03-38D211CC59DB}.Debug|x86.ActiveCfg = Debug|x64
		{CCB162A3-A8BC-4F70-9F03-38D211CC59DB}.Release|x64.ActiveCfg = Release|x64
		{CCB162A3-A8BC-4F70-9F03-38D211CC59DB}.Release|x64.Build.0 = Release|x64
		{CCB162A3-A8BC-4F70-9F03-38D211CC59DB}.Release|x86.ActiveCfg = Release|x64
		{AEF6ED4A-CFE7-4C73-A1A8-BDC55644A07B}.Debug|x64.ActiveCfg = Debug|x64
		{AEF6ED4A-CFE7-4C73-A1A8-BDC55644A07B}.Debug|x64.Build.0 = Debug|x64
		{AEF6ED4A-CFE7-4C73-A1A8-BDC55644A07B}.Debug|x86.ActiveCfg = Debug|x64
		{AEF6ED4A-CFE7-4C73-A1A8-BDC55644A07B}.Release|x64.ActiveCfg = Release|x64
		{AEF6ED4A-CFE7-4C73-A1A8-BDC55644A07B}.Release|x64.Build.0 = Release|x64
		{AEF6ED4A-CFE7-4C73-A1A8-BDC55644A07B}.Release|x86.ActiveCfg = Release|x64
		{2F37C669-256B-447D-A3B9-B1951BCCDCB6}.Debug|x64.ActiveCfg = Debug|x64
		{2F37C669-256B-447D-A3B9-B1951BCCDCB6}.Debug|x64.Build.0 = Debug|x64
		{2F37C669-256B-447D-A3B9-B1951BCCDCB6}.Debug|x86.ActiveCfg = Debug|x64
		{2F37C669-256B-447D-A3B9-B1951BCCDCB6}.Release|x64.ActiveCfg = Release|x64
		{2F37C669-256B-447D-A3B9-B1951BCCDCB6}.Release|x64.Build.0 = Release|x64
		{2F37C669-256B-447D-A3B9-B1951BCCDCB6}.Release|x86.ActiveCfg = Release|x64
		{B4F692F7-3F90-4239-92E5-58874FB23B45}.Debug|x64.ActiveCfg = Debug|x64
		{B4F692F7-3F90-4239-92E5-58874FB23B45}.Debug|x64.Build.0 = Debug|x64
		{B4F692F7-3F90-4239-92E5-58874FB23B45}.Debug|x86.ActiveCfg = Debug|x64
		{B4F692F7-3F90-4239-92E5-58874FB23B45}.Release|x64.ActiveCfg = Release|x64
		{B4F692F7-3F90-4239-92E5-58874FB23B45}.Release|x64.Build.0 = Release|x64
		{B4F692F7-3F90-4239-92E5-58874FB23B45}.Release|x86.ActiveCfg = Release|x64
		{DFC76753-1494-49FF-B807-FC98FF445C28}.Debug|x64.ActiveCfg = Debug|x64
		{DFC76753-1494-49FF-B807-FC98FF445C28}.Debug|x64.Build.0 = Debug|x64
		{DFC76753-1494-49FF-B807-FC98FF445C28}.Debug|x86.ActiveCfg = Debug|x64
		{DFC76753-1494-49FF-B807-FC98FF445C28}.Release|x64.ActiveCfg = Release|x64
		{DFC76753-1494-49FF-B807-FC98FF445C28}.Release|x64.Build.0 = Release|x64
		{DFC76753-1494-49FF-B807-FC98FF445C28}.Release|x86.ActiveCfg = Release|x64
		{0357CD6E-5428-49E1-9767-33B05D62D1FE}.Debug|x64.ActiveCfg = Debug|x64
		{0357CD6E-5428-49E1-9767-33B05D62D1FE}.Debug|x64.Build.0 = Debug|x64
		{0357CD6E-5428-49E1-9767-33B05D62D1FE}.Debug|x86.ActiveCfg = Debug|x64
		{0357CD6E-5428-49E1-9767-33B05D62D1FE}.Release|x64.ActiveCfg = Release|x64
		{0357CD6E-5428-49E1-9767-33B05D62D1FE}.Release|x64.Build.0 = Release|x64
		{0357CD6E-5428-49E1-9767-33B05D62D1FE}.Release|x86.ActiveCfg = Release|x64
		{41574762-0BCF-4033-BB5C-04DEC31F77C8}.Debug|x64.ActiveCfg = Debug|x64
		{41574762-0BCF-4033-BB5C-04DEC31F77C8}.Debug|x64.Build.0 = Debug|x64
		{41574762-0BCF-4033-BB5C-04DEC31F77C8}.Debug|x86.ActiveCfg = Debug|x64
		{41574762-0BCF-4033-BB5C-04DEC31F77C8}.Release|x64.ActiveCfg = Release|x64
		{41574762-0BCF-4033-BB5C-04DEC31F77C8}.Release|x64.Build.0 = Release|x64
		{41574762-0BCF-4033-BB5C-04DEC31F77C8}.Release|x86.ActiveCfg = Release|x64
		{2A9FD4E6-4E98-43E3-BB1F-37F3E7225B9D}.Debug|x64.ActiveCfg = Debug|x64
		{2A9FD4E6-4E98-43E3-BB1F-37F3E7225B9D}.Debug|x64.Build.0 = Debug|x64
		{2A9FD4E6-4E98-43E3-BB1F-37F3E7225B9D}.Debug|x86.ActiveCfg = Debug|x64
		{2A9FD4E6-4E98-43E3-BB1F-37F3E7225B9D}.Release|x64.ActiveCfg = Release|x64
		{2A9FD4E6-4E98-43E3-BB1F-37F3E7225B9D}.Release|x64.Build.0 = Release|x64
		{2A9FD4E6-4E98-43E3-BB1F-37F3E7225B9D}.Release|x86.ActiveCfg = Release|x64
		{7C5FF8FE-1DD9-4D0B-B42A-C2ECAB5E504D}.Debug|x64.ActiveCfg = Debug|x64
		{7C5FF8FE-1DD9-4D0B-B42A-C2ECAB5E504D}.Debug|x64.Build.0 = Debug|x64
		{7C5FF8FE-1DD9-4D0B-B42A-C2ECAB5E504D}.Debug|x86.ActiveCfg = Debug|x64
		{7C5FF8FE-1DD9-4D0B-B42A-C2ECAB5E504D}.Release|x64.ActiveCfg = Release|x64
		{7C5FF8FE-1DD9-4D0B-B42A-C2ECAB5E504D}.Release|x64.Build.0 = Release|x64
		{7C5FF8FE-1DD9-4D0B-B42A-C2ECAB5E504D}.Release|x86.ActiveCfg = Release|x64
		{F6406B38-A621-4764-BF1E-B5704947C8B2}.Debug|x64.ActiveCfg = Debug|x64
		{F6406B38-A621-4764-BF1E-B5704947C8B2}.Debug|x64.Build.0 = Debug|x64
		{F6406B38-A621-4764-BF1E-B5704947C8B2}.Debug|x86.ActiveCfg = Debug|x64
		{F6406B38-A621-4764-BF1E-B5704947C8B2}.Release|x64.ActiveCfg = Release|x64
		{F6406B38-A621-4764-BF1E-B5704947C8B2}.Release|x64.Build.0 = Release|x64
		{F6406B38-A621-4764-BF1E-B5704947C8B2}.Release|x86.ActiveCfg = Release|x64
		{9ACBF3D5-12BC-499D-AC9B-C1BED1C2EFCD}.Debug|x64.ActiveCfg = Debug|x64
		{9ACBF3D5-12BC-499D-AC9B-C1BED1C2EFCD}.Debug|x64.Build.0 = Debug|x64
		{9ACBF3D5-12BC-499D-AC9B-C1BED1C2EFCD}.Debug|x86.ActiveCfg = Debug|x64
		{9ACBF3D5-12BC-499D-AC9B-C1BED1C2EFCD}.Release|x64.ActiveCfg = Release|x64
		{9ACBF3D5-12BC-499D-AC9B-C1BED1C2EFCD}.Release|x64.Build.0 = Release|x64
		{9ACBF3D5-12BC-499D-AC9B-C1BED1C2EFCD}.Release|x86.ActiveCfg = Release|x64
		{EA797B0E-4A72-4437-8134-B4D3AF57690B}.Debug|x64.ActiveCfg = Debug|x64
		{EA797B0E-4A72-4437-8134-B4D3AF57690B}.Debug|x64.Build.0 = Debug|x64
		{EA797B0E-4A72-4437-8134-B4D3AF57690B}.Debug|x86.ActiveCfg = Debug|x64
		{EA797B0E-4A72-4437-8134-B4D3AF57690B}.Release|x64.ActiveCfg = Release|x64
		{EA797B0E-4A72-4437-8134-B4D3AF57690B}.Release|x64.Build.0 = Release|x64
		{EA797B0E-4A72-4437-8134-B4D3AF57690B}.Release|x86.ActiveCfg = Release|x64
		{79CEC156-BA28-43F2-AAC5-ED08DFFF5B0B}.Debug|x64.ActiveCfg = Debug|x64
		{79CEC156-BA28-43F2-AAC5-ED08DFFF5B0B}.Debug|x64.Build.0 = Debug|x64
		{79CEC156-BA28-43F2-AAC5-ED08DFFF5B0B}.Debug|x86.ActiveCfg = Debug|x64
		{79CEC156-BA28-43F2-AAC5-ED08DFFF5B0B}.Release|x64.ActiveCfg = Release|x64
		{79CEC156-BA28-43F2-AAC5-ED08DFFF5B0B}.Release|x64.Build.0 = Release|x64
		{79CEC156-BA28-43F2-AAC5-ED08DFFF5B0B}.Release|x86.ActiveCfg = Release|x64
		{64BA989E-2F04-4FEB-82F8-E01E18D49FC2}.Debug|x64.ActiveCfg = Debug|x64
		{64BA989E-2F04-4FEB-82F8-E01E18D49FC2}.Debug|x64.Build.0 = Debug|x64
		{64BA989E-2F04-4FEB-82F8-E01E18D49FC2}.Debug|x86.ActiveCfg = Debug|x64
		{64BA989E-2F04-4FEB-82F8-E01E18D49FC2}.Release|x64.ActiveCfg = Release|x64
		{64BA989E-2F04-4FEB-82F8-E01E18D49FC2}.Release|x64.Build.0 = Release|x64
		{64BA989E-2F04-4FEB-82F8-E01E18D49FC2}.Release|x86.ActiveCfg = Release|x64
		{F2C4D2D7-C652-4CF0-A2F1-11A140380CEE}.Debug|x64.ActiveCfg = Debug|x64
		{F2C4D2D7-C652-4CF0-A2F1-11A140380CEE}.Debug|x64.Build.0 = Debug|x64
		{F2C4D2D7-C652-4CF0-A2F1-11A140380CEE}.Debug|x86.ActiveCfg = Debug|x64
		{F2C4D2D7-C652-4CF0-A2F1-11A140380CEE}.Release|x64.ActiveCfg = Release|x64
		{F2C4D2D7-C652-4CF0-A2F1-11A140380CEE}.Release|x64.Build.0 = Release|x64
		{F2C4D2D7-C652-4CF0-A2F1-11A140380CEE}.Release|x86.ActiveCfg = Release|x64
		{2BE747C6-F517-40E1-B00C-8C6687A6CCDA}.Debug|x64.ActiveCfg = Debug|x64
		{2BE747C6-F517-40E1-B00C-8C6687A6CCDA}.Debug|x64.Build.0 = Debug|x64
		{2BE747C6-F517-40E1-B00C-8C6687A6CCDA}.Debug|x86.ActiveCfg = Debug|x64
		{2BE747C6-F517-40E1-B00C-8C6687A6CCDA}.Release|x64.ActiveCfg = Release|x64
		{2BE747C6-F517-40E1-B00C-8C6687A6CCDA}.Release|x64.Build.0 = Release|x64
		{2BE747C6-F517-40E1-B00C-8C6687A6CCDA}.Release|x86.ActiveCfg = Release|x64
	EndGlobalSection
	GlobalSection(SolutionProperties) = preSolution
		HideSolutionNode = FALSE
	EndGlobalSection
	GlobalSection(NestedProjects) = preSolution
		{807776A6-76D7-4CC0-AEAD-13D3EF5FC458} = {8AB5A728-3573-424D-AA19-DE5E5F6FE406}
		{0CF99BD2-5F2B-416D-8689-1B0456F1CB05} = {8AB5A728-3573-424D-AA19-DE5E5F6FE406}
		{6C591637-BB06-4134-AE69-FD1D309F101E} = {8AB5A728-3573-424D-AA19-DE5E5F6FE406}
		{68460DD3-ABD0-491D-8EA4-CE12F8197CC8} = {8AB5A728-3573-424D-AA19-DE5E5F6FE406}
		{20BD73BB-02C8-4EE7-9D77-DBF50BCCD7F6} = {8AB5A728-3573-424D-AA19-DE5E5F6FE406}
		{78CA548A-6E61-47BB-A10B-8997A468CB6B} = {8AB5A728-3573-424D-AA19-DE5E5F6FE406}
		{64407E74-1E7F-46E5-A305-E28773E7069E} = {8AB5A728-3573-424D-AA19-DE5E5F6FE406}
		{B628EF72-EFDD-4FB3-8D4A-2480F5B4C28E} = {8AB5A728-3573-424D-AA19-DE5E5F6FE406}
		{4AA9B418-DE86-437A-A592-9E3981A98C57} = {8AB5A728-3573-424D-AA19-DE5E5F6FE406}
		{0DEC9AA5-CCE3-4908-AE0F-2F920F4C902B} = {8AB5A728-3573-424D-AA19-DE5E5F6FE406}
		{6304DB11-AD29-4C72-B21E-D9C835F225E7} = {8AB5A728-3573-424D-AA19-DE5E5F6FE406}
		{2CE5ABD3-4590-4353-B39C-888726130D0A} = {8AB5A728-3573-424D-AA19-DE5E5F6FE406}
		{11BDC813-1B92-4AD1-9ED4-C138BB02FB78} = {8AB5A728-3573-424D-AA19-DE5E5F6FE406}
		{CDB1F832-4928-4E39-8599-2111A77F37D6} = {8AB5A728-3573-424D-AA19-DE5E5F6FE406}
		{EEAF9BD0-8650-4C5B-BC46-1619205A8C10} = {8AB5A728-3573-424D-AA19-DE5E5F6FE406}
		{96700E5F-3B7F-4D0F-8402-506698017043} = {8AB5A728-3573-424D-AA19-DE5E5F6FE406}
		{21D845E4-0F41-434C-BF76-B584D77B4315} = {8AB5A728-3573-424D-AA19-DE5E5F6FE406}
		{B4A312DB-ABF0-4FCD-B729-BEC3541D8602} = {8AB5A728-3573-424D-AA19-DE5E5F6FE406}
		{CCB162A3-A8BC-4F70-9F03-38D211CC59DB} = {84FF8866-F351-4A0E-948F-AA722BE8778A}
		{AEF6ED4A-CFE7-4C73-A1A8-BDC55644A07B} = {84FF8866-F351-4A0E-948F-AA722BE8778A}
		{2F37C669-256B-447D-A3B9-B1951BCCDCB6} = {84FF8866-F351-4A0E-948F-AA722BE8778A}
		{B4F692F7-3F90-4239-92E5-58874FB23B45} = {84FF8866-F351-4A0E-948F-AA722BE8778A}
		{DFC76753-1494-49FF-B807-FC98FF445C28} = {84FF8866-F351-4A0E-948F-AA722BE8778A}
		{0357CD6E-5428-49E1-9767-33B05D62D1FE} = {8AB5A728-3573-424D-AA19-DE5E5F6FE406}
		{41574762-0BCF-4033-BB5C-04DEC31F77C8} = {2638410A-86E5-4AFC-AF35-EC86CA7E0344}
		{2A9FD4E6-4E98-43E3-BB1F-37F3E7225B9D} = {2638410A-86E5-4AFC-AF35-EC86CA7E0344}
		{7C5FF8FE-1DD9-4D0B-B42A-C2ECAB5E504D} = {2638410A-86E5-4AFC-AF35-EC86CA7E0344}
		{F6406B38-A621-4764-BF1E-B5704947C8B2} = {2638410A-86E5-4AFC-AF35-EC86CA7E0344}
		{9ACBF3D5-12BC-499D-AC9B-C1BED1C2EFCD} = {2638410A-86E5-4AFC-AF35-EC86CA7E0344}
		{EA797B0E-4A72-4437-8134-B4D3AF57690B} = {2638410A-86E5-4AFC-AF35-EC86CA7E0344}
		{79CEC156-BA28-43F2-AAC5-ED08DFFF5B0B} = {2638410A-86E5-4AFC-AF35-EC86CA7E0344}
		{64BA989E-2F04-4FEB-82F8-E01E18D49FC2} = {2638410A-86E5-4AFC-AF35-EC86CA7E0344}
		{F2C4D2D7-C652-4CF0-A2F1-11A140380CEE} = {2638410A-86E5-4AFC-AF35-EC86CA7E0344}
		{2BE747C6-F517-40E1-B00C-8C6687A6CCDA} = {2638410A-86E5-4AFC-AF35-EC86CA7E0344}
	EndGlobalSection
	GlobalSection(ExtensibilityGlobals) = postSolution
		SolutionGuid = {0E86262E-6FF9-401A-AE9C-1279B6E15B50}
	EndGlobalSection
EndGlobal
