<?xml version="1.0" encoding="utf-8"?>
<Project ToolsVersion="4.0" xmlns="http://schemas.microsoft.com/developer/msbuild/2003">
  <ItemGroup>
    <Filter Include="source">
      <UniqueIdentifier>{d3b558a5-d55d-4ebd-8a68-ac0533d2e1bc}</UniqueIdentifier>
    </Filter>
  </ItemGroup>
  <ItemGroup>
    <ClCompile Include="SpreadsheetCell.cpp">
      <Filter>source</Filter>
    </ClCompile>
    <ClCompile Include="SpreadsheetCellTest.cpp">
      <Filter>source</Filter>
    </ClCompile>
  </ItemGroup>
  <ItemGroup>
    <ClInclude Include="SpreadsheetCell.h">
      <Filter>source</Filter>
    </ClInclude>
  </ItemGroup>
</Project>