<?xml version="1.0" encoding="utf-8"?>
<Project ToolsVersion="4.0" xmlns="http://schemas.microsoft.com/developer/msbuild/2003">
  <ItemGroup>
    <Filter Include="source">
      <UniqueIdentifier>{193d74f2-ed05-4a78-917b-1c52f98c4130}</UniqueIdentifier>
    </Filter>
  </ItemGroup>
  <ItemGroup>
    <ClCompile Include="NullPointerConstant.cpp">
      <Filter>source</Filter>
    </ClCompile>
  </ItemGroup>
</Project>