<?xml version="1.0" encoding="utf-8"?>
<Project ToolsVersion="4.0" xmlns="http://schemas.microsoft.com/developer/msbuild/2003">
  <ItemGroup>
    <Filter Include="source">
      <UniqueIdentifier>{e37e0946-bf75-4309-b1e3-2539aea8c009}</UniqueIdentifier>
    </Filter>
  </ItemGroup>
  <ItemGroup>
    <ClCompile Include="std_array.cpp">
      <Filter>source</Filter>
    </ClCompile>
  </ItemGroup>
</Project>