<?xml version="1.0" encoding="utf-8"?>
<Project ToolsVersion="4.0" xmlns="http://schemas.microsoft.com/developer/msbuild/2003">
  <ItemGroup>
    <Filter Include="source">
      <UniqueIdentifier>{ce9083d8-8d85-46d4-ba67-d39db52c8536}</UniqueIdentifier>
    </Filter>
  </ItemGroup>
  <ItemGroup>
    <ClCompile Include="vectortest.cpp">
      <Filter>source</Filter>
    </ClCompile>
  </ItemGroup>
</Project>