<?xml version="1.0" encoding="utf-8"?>
<Project ToolsVersion="4.0" xmlns="http://schemas.microsoft.com/developer/msbuild/2003">
  <ItemGroup>
    <Filter Include="source">
      <UniqueIdentifier>{be6df6b8-105d-4137-937b-01e051b39d74}</UniqueIdentifier>
    </Filter>
  </ItemGroup>
  <ItemGroup>
    <ClInclude Include="SpreadsheetCell.h">
      <Filter>source</Filter>
    </ClInclude>
    <ClInclude Include="DoubleSpreadsheetCell.h">
      <Filter>source</Filter>
    </ClInclude>
    <ClInclude Include="StringSpreadsheetCell.h">
      <Filter>source</Filter>
    </ClInclude>
  </ItemGroup>
  <ItemGroup>
    <ClCompile Include="DoubleSpreadsheetCell.cpp">
      <Filter>source</Filter>
    </ClCompile>
    <ClCompile Include="StringSpreadsheetCell.cpp">
      <Filter>source</Filter>
    </ClCompile>
  </ItemGroup>
</Project>