<?xml version="1.0" encoding="utf-8"?>
<Project ToolsVersion="4.0" xmlns="http://schemas.microsoft.com/developer/msbuild/2003">
  <ItemGroup>
    <Filter Include="source">
      <UniqueIdentifier>{6cb9d548-f99a-41e7-809a-360c7f6cd965}</UniqueIdentifier>
    </Filter>
  </ItemGroup>
  <ItemGroup>
    <ClCompile Include="enable_shared_from_this.cpp">
      <Filter>source</Filter>
    </ClCompile>
  </ItemGroup>
</Project>